// !$*UTF8*$!
{
	archiveVersion = 1;
	classes = {
	};
	objectVersion = 46;
	objects = {

/* Begin PBXBuildFile section */
		710054A316B2EC1800E33187 /* Default-568h@2x.png in Resources */ = {isa = PBXBuildFile; fileRef = 7100549E16B2EC1800E33187 /* Default-568h@2x.png */; };
		710054A416B2EC1800E33187 /* Default.png in Resources */ = {isa = PBXBuildFile; fileRef = 7100549F16B2EC1800E33187 /* Default.png */; };
		710054A516B2EC1800E33187 /* Default@2x.png in Resources */ = {isa = PBXBuildFile; fileRef = 710054A016B2EC1800E33187 /* Default@2x.png */; };
		710054A616B2EC1800E33187 /* icon57.png in Resources */ = {isa = PBXBuildFile; fileRef = 710054A116B2EC1800E33187 /* icon57.png */; };
		710054A716B2EC1800E33187 /* icon114.png in Resources */ = {isa = PBXBuildFile; fileRef = 710054A216B2EC1800E33187 /* icon114.png */; };
		715E6CCC16BE6D1600094B38 /* Utility.m in Sources */ = {isa = PBXBuildFile; fileRef = 715E6CCB16BE6D1600094B38 /* Utility.m */; };
		71EDAC9C16C5668A006FC880 /* QuartzCore.framework in Frameworks */ = {isa = PBXBuildFile; fileRef = 71EDAC9B16C5668A006FC880 /* QuartzCore.framework */; };
		7307496C16CD17420024330B /* Crashlytics.framework in Frameworks */ = {isa = PBXBuildFile; fileRef = 7307496B16CD17420024330B /* Crashlytics.framework */; };
		730B95DA16A28259007105BB /* RoutesViewController.m in Sources */ = {isa = PBXBuildFile; fileRef = 730B95D816A28259007105BB /* RoutesViewController.m */; };
		730B95DB16A28259007105BB /* RoutesViewController.xib in Resources */ = {isa = PBXBuildFile; fileRef = 730B95D916A28259007105BB /* RoutesViewController.xib */; };
		730B95DF16A287F2007105BB /* routes.png in Resources */ = {isa = PBXBuildFile; fileRef = 730B95DE16A287F2007105BB /* routes.png */; };
		730B95E816A29462007105BB /* bus_details.png in Resources */ = {isa = PBXBuildFile; fileRef = 730B95E416A29462007105BB /* bus_details.png */; };
		730B95E916A29462007105BB /* bus_details@2x.png in Resources */ = {isa = PBXBuildFile; fileRef = 730B95E516A29462007105BB /* bus_details@2x.png */; };
		730B95EA16A29462007105BB /* bus_search.png in Resources */ = {isa = PBXBuildFile; fileRef = 730B95E616A29462007105BB /* bus_search.png */; };
		730B95EB16A29462007105BB /* bus_search@2x.png in Resources */ = {isa = PBXBuildFile; fileRef = 730B95E716A29462007105BB /* bus_search@2x.png */; };
		730B95F816A29473007105BB /* tram_details.png in Resources */ = {isa = PBXBuildFile; fileRef = 730B95F416A29473007105BB /* tram_details.png */; };
		730B95F916A29473007105BB /* tram_details@2x.png in Resources */ = {isa = PBXBuildFile; fileRef = 730B95F516A29473007105BB /* tram_details@2x.png */; };
		730B95FA16A29473007105BB /* tram_search.png in Resources */ = {isa = PBXBuildFile; fileRef = 730B95F616A29473007105BB /* tram_search.png */; };
		730B95FB16A29473007105BB /* tram_search@2x.png in Resources */ = {isa = PBXBuildFile; fileRef = 730B95F716A29473007105BB /* tram_search@2x.png */; };
		730B960016A2947D007105BB /* troll_details.png in Resources */ = {isa = PBXBuildFile; fileRef = 730B95FC16A2947D007105BB /* troll_details.png */; };
		730B960116A2947D007105BB /* troll_details@2x.png in Resources */ = {isa = PBXBuildFile; fileRef = 730B95FD16A2947D007105BB /* troll_details@2x.png */; };
		730B960216A2947D007105BB /* troll_search.png in Resources */ = {isa = PBXBuildFile; fileRef = 730B95FE16A2947D007105BB /* troll_search.png */; };
		730B960316A2947D007105BB /* troll_search@2x.png in Resources */ = {isa = PBXBuildFile; fileRef = 730B95FF16A2947D007105BB /* troll_search@2x.png */; };
		730B960816A294FA007105BB /* mt_details.png in Resources */ = {isa = PBXBuildFile; fileRef = 730B960416A294FA007105BB /* mt_details.png */; };
		730B960916A294FA007105BB /* mt_details@2x.png in Resources */ = {isa = PBXBuildFile; fileRef = 730B960516A294FA007105BB /* mt_details@2x.png */; };
		730B960A16A294FA007105BB /* mt_search.png in Resources */ = {isa = PBXBuildFile; fileRef = 730B960616A294FA007105BB /* mt_search.png */; };
		730B960B16A294FA007105BB /* mt_search@2x.png in Resources */ = {isa = PBXBuildFile; fileRef = 730B960716A294FA007105BB /* mt_search@2x.png */; };
		730B961216A2C672007105BB /* Route.m in Sources */ = {isa = PBXBuildFile; fileRef = 730B961116A2C671007105BB /* Route.m */; };
		7310584514ECEF6E00F984A8 /* CoreLocation.framework in Frameworks */ = {isa = PBXBuildFile; fileRef = 7310584414ECEF6E00F984A8 /* CoreLocation.framework */; };
		732732CF16B8FC7000EDCF02 /* Bus_arrow-0@2x.png in Resources */ = {isa = PBXBuildFile; fileRef = 732732C716B8FC7000EDCF02 /* Bus_arrow-0@2x.png */; };
		732732DB16B8FE4D00EDCF02 /* delete@2x.png in Resources */ = {isa = PBXBuildFile; fileRef = 732732D816B8FE4D00EDCF02 /* delete@2x.png */; };
		732732DC16B8FE4D00EDCF02 /* location@2x.png in Resources */ = {isa = PBXBuildFile; fileRef = 732732D916B8FE4D00EDCF02 /* location@2x.png */; };
		732732DD16B8FE4D00EDCF02 /* refresh@2x.png in Resources */ = {isa = PBXBuildFile; fileRef = 732732DA16B8FE4D00EDCF02 /* refresh@2x.png */; };
		73375B4314EAE88F00ED7667 /* DetailsViewController.m in Sources */ = {isa = PBXBuildFile; fileRef = 73375B4114EAE88F00ED7667 /* DetailsViewController.m */; };
		73375B4414EAE88F00ED7667 /* DetailsViewController.xib in Resources */ = {isa = PBXBuildFile; fileRef = 73375B4214EAE88F00ED7667 /* DetailsViewController.xib */; };
		73375B4914EBAC0100ED7667 /* star_desaturate.png in Resources */ = {isa = PBXBuildFile; fileRef = 73375B4714EBAC0100ED7667 /* star_desaturate.png */; };
		73375B4A14EBAC0100ED7667 /* star.png in Resources */ = {isa = PBXBuildFile; fileRef = 73375B4814EBAC0100ED7667 /* star.png */; };
		73375B4D14EC0F8800ED7667 /* Car.m in Sources */ = {isa = PBXBuildFile; fileRef = 73375B4C14EC0F8800ED7667 /* Car.m */; };
		733894A216A5661800AF3DD0 /* button_green_press.png in Resources */ = {isa = PBXBuildFile; fileRef = 7338949C16A5661800AF3DD0 /* button_green_press.png */; };
		733894A316A5661800AF3DD0 /* button_green.png in Resources */ = {isa = PBXBuildFile; fileRef = 7338949D16A5661800AF3DD0 /* button_green.png */; };
		733894A416A5661800AF3DD0 /* button_white_press.png in Resources */ = {isa = PBXBuildFile; fileRef = 7338949E16A5661800AF3DD0 /* button_white_press.png */; };
		733894A516A5661800AF3DD0 /* button_white.png in Resources */ = {isa = PBXBuildFile; fileRef = 7338949F16A5661800AF3DD0 /* button_white.png */; };
		733894A616A5661800AF3DD0 /* button_yellow_press.png in Resources */ = {isa = PBXBuildFile; fileRef = 733894A016A5661800AF3DD0 /* button_yellow_press.png */; };
		733894A716A5661800AF3DD0 /* button_yellow.png in Resources */ = {isa = PBXBuildFile; fileRef = 733894A116A5661800AF3DD0 /* button_yellow.png */; };
		733B0F8614EFE70D004E01BD /* favorites.png in Resources */ = {isa = PBXBuildFile; fileRef = 733B0F8314EFE70D004E01BD /* favorites.png */; };
		733B0F8714EFE70D004E01BD /* map.png in Resources */ = {isa = PBXBuildFile; fileRef = 733B0F8414EFE70D004E01BD /* map.png */; };
		733B0F8814EFE70D004E01BD /* search.png in Resources */ = {isa = PBXBuildFile; fileRef = 733B0F8514EFE70D004E01BD /* search.png */; };
		733B0F8B14F021BF004E01BD /* SystemConfiguration.framework in Frameworks */ = {isa = PBXBuildFile; fileRef = 733B0F8A14F021BE004E01BD /* SystemConfiguration.framework */; };
		733B0F8D14F02BE6004E01BD /* refresh.png in Resources */ = {isa = PBXBuildFile; fileRef = 733B0F8C14F02BE5004E01BD /* refresh.png */; };
		733B0F9C14F0D9D7004E01BD /* location.png in Resources */ = {isa = PBXBuildFile; fileRef = 733B0F9B14F0D9D7004E01BD /* location.png */; };
		733B0FA314F0DF0B004E01BD /* button_bg.png in Resources */ = {isa = PBXBuildFile; fileRef = 733B0FA214F0DF0B004E01BD /* button_bg.png */; };
		733B0FA714F0E214004E01BD /* InfoViewController.m in Sources */ = {isa = PBXBuildFile; fileRef = 733B0FA514F0E213004E01BD /* InfoViewController.m */; };
		733B0FA814F0E214004E01BD /* InfoViewController.xib in Resources */ = {isa = PBXBuildFile; fileRef = 733B0FA614F0E214004E01BD /* InfoViewController.xib */; };
		733B0FAB14F121A5004E01BD /* info.png in Resources */ = {isa = PBXBuildFile; fileRef = 733B0FAA14F121A5004E01BD /* info.png */; };
		733B0FB514F134BE004E01BD /* Bus_arrow.png in Resources */ = {isa = PBXBuildFile; fileRef = 733B0FB414F134BE004E01BD /* Bus_arrow.png */; };
		736C004314E81351005D6503 /* UIKit.framework in Frameworks */ = {isa = PBXBuildFile; fileRef = 736C004214E81351005D6503 /* UIKit.framework */; };
		736C004514E81351005D6503 /* Foundation.framework in Frameworks */ = {isa = PBXBuildFile; fileRef = 736C004414E81351005D6503 /* Foundation.framework */; };
		736C004714E81351005D6503 /* CoreGraphics.framework in Frameworks */ = {isa = PBXBuildFile; fileRef = 736C004614E81351005D6503 /* CoreGraphics.framework */; };
		736C004D14E81353005D6503 /* InfoPlist.strings in Resources */ = {isa = PBXBuildFile; fileRef = 736C004B14E81353005D6503 /* InfoPlist.strings */; };
		736C004F14E81353005D6503 /* main.m in Sources */ = {isa = PBXBuildFile; fileRef = 736C004E14E81353005D6503 /* main.m */; };
		736C005314E81354005D6503 /* AppDelegate.m in Sources */ = {isa = PBXBuildFile; fileRef = 736C005214E81354005D6503 /* AppDelegate.m */; };
		736C006714E81A19005D6503 /* SearchViewController.m in Sources */ = {isa = PBXBuildFile; fileRef = 736C006514E81A18005D6503 /* SearchViewController.m */; };
		736C006814E81A19005D6503 /* SearchViewController.xib in Resources */ = {isa = PBXBuildFile; fileRef = 736C006614E81A19005D6503 /* SearchViewController.xib */; };
		736C006C14E81A32005D6503 /* MapViewController.m in Sources */ = {isa = PBXBuildFile; fileRef = 736C006A14E81A32005D6503 /* MapViewController.m */; };
		736C006D14E81A32005D6503 /* MapViewController.xib in Resources */ = {isa = PBXBuildFile; fileRef = 736C006B14E81A32005D6503 /* MapViewController.xib */; };
		736C007214E82D3D005D6503 /* MapKit.framework in Frameworks */ = {isa = PBXBuildFile; fileRef = 736C007114E82D3C005D6503 /* MapKit.framework */; };
		736C007614E83E69005D6503 /* FavoritesViewController.m in Sources */ = {isa = PBXBuildFile; fileRef = 736C007414E83E69005D6503 /* FavoritesViewController.m */; };
		736C007714E83E69005D6503 /* FavoritesViewController.xib in Resources */ = {isa = PBXBuildFile; fileRef = 736C007514E83E69005D6503 /* FavoritesViewController.xib */; };
		738F7CDD1622AF430024457A /* StoreKit.framework in Frameworks */ = {isa = PBXBuildFile; fileRef = 738F7CDC1622AF420024457A /* StoreKit.framework */; };
		739008BE14E8EF1B009A6D0D /* Transport.m in Sources */ = {isa = PBXBuildFile; fileRef = 739008BD14E8EF1B009A6D0D /* Transport.m */; };
		739008C214E8EF8B009A6D0D /* NGTDataSource.m in Sources */ = {isa = PBXBuildFile; fileRef = 739008C114E8EF8B009A6D0D /* NGTDataSource.m */; };
		739008C614E8F5B7009A6D0D /* TransportDataSource.m in Sources */ = {isa = PBXBuildFile; fileRef = 739008C514E8F5B7009A6D0D /* TransportDataSource.m */; };
		739008C814E93F36009A6D0D /* SearchCell.xib in Resources */ = {isa = PBXBuildFile; fileRef = 739008C714E93F36009A6D0D /* SearchCell.xib */; };
		739008CB14E94569009A6D0D /* SearchCell.m in Sources */ = {isa = PBXBuildFile; fileRef = 739008CA14E94569009A6D0D /* SearchCell.m */; };
		7390090A14E96AF6009A6D0D /* JSONKit.m in Sources */ = {isa = PBXBuildFile; fileRef = 7390090914E96AF6009A6D0D /* JSONKit.m */; };
		73AE1A2D14F4BBDE0086D406 /* Bus_arrow-0.png in Resources */ = {isa = PBXBuildFile; fileRef = 73AE1A2514F4BBDE0086D406 /* Bus_arrow-0.png */; };
		73BFBB9416A72176002226BF /* delete.png in Resources */ = {isa = PBXBuildFile; fileRef = 73BFBB9316A72176002226BF /* delete.png */; };
		73DB180716A3D27A00520789 /* bg_search_cell.png in Resources */ = {isa = PBXBuildFile; fileRef = 73DB180516A3D27A00520789 /* bg_search_cell.png */; };
		73DB180816A3D27A00520789 /* bg_search_cell@2x.png in Resources */ = {isa = PBXBuildFile; fileRef = 73DB180616A3D27A00520789 /* bg_search_cell@2x.png */; };
		73E7897116A4207E001F7081 /* favorites@2x.png in Resources */ = {isa = PBXBuildFile; fileRef = 73E7897016A4207E001F7081 /* favorites@2x.png */; };
		73E7897416A4223F001F7081 /* map@2x.png in Resources */ = {isa = PBXBuildFile; fileRef = 73E7897316A4223F001F7081 /* map@2x.png */; };
		73E7897616A42245001F7081 /* routes@2x.png in Resources */ = {isa = PBXBuildFile; fileRef = 73E7897516A42245001F7081 /* routes@2x.png */; };
		73E7897816A4224C001F7081 /* search@2x.png in Resources */ = {isa = PBXBuildFile; fileRef = 73E7897716A4224C001F7081 /* search@2x.png */; };
		73E7898016A477A9001F7081 /* RouteCell.m in Sources */ = {isa = PBXBuildFile; fileRef = 73E7897F16A477A9001F7081 /* RouteCell.m */; };
		73E7898216A477BD001F7081 /* RouteCell.xib in Resources */ = {isa = PBXBuildFile; fileRef = 73E7898116A477BD001F7081 /* RouteCell.xib */; };
		73E7898616A481FA001F7081 /* SelectPointsViewController.m in Sources */ = {isa = PBXBuildFile; fileRef = 73E7898416A481F9001F7081 /* SelectPointsViewController.m */; };
		73E7898716A481FA001F7081 /* SelectPointsViewController.xib in Resources */ = {isa = PBXBuildFile; fileRef = 73E7898516A481FA001F7081 /* SelectPointsViewController.xib */; };
		73E7898A16A494B6001F7081 /* route.png in Resources */ = {isa = PBXBuildFile; fileRef = 73E7898816A494B6001F7081 /* route.png */; };
		73E7898B16A494B6001F7081 /* route@2x.png in Resources */ = {isa = PBXBuildFile; fileRef = 73E7898916A494B6001F7081 /* route@2x.png */; };
/* End PBXBuildFile section */

/* Begin PBXFileReference section */
		7100549E16B2EC1800E33187 /* Default-568h@2x.png */ = {isa = PBXFileReference; lastKnownFileType = image.png; name = "Default-568h@2x.png"; path = "Images/media/Default-568h@2x.png"; sourceTree = "<group>"; };
		7100549F16B2EC1800E33187 /* Default.png */ = {isa = PBXFileReference; lastKnownFileType = image.png; name = Default.png; path = Images/media/Default.png; sourceTree = "<group>"; };
		710054A016B2EC1800E33187 /* Default@2x.png */ = {isa = PBXFileReference; lastKnownFileType = image.png; name = "Default@2x.png"; path = "Images/media/Default@2x.png"; sourceTree = "<group>"; };
		710054A116B2EC1800E33187 /* icon57.png */ = {isa = PBXFileReference; lastKnownFileType = image.png; name = icon57.png; path = Images/media/icon57.png; sourceTree = "<group>"; };
		710054A216B2EC1800E33187 /* icon114.png */ = {isa = PBXFileReference; lastKnownFileType = image.png; name = icon114.png; path = Images/media/icon114.png; sourceTree = "<group>"; };
		715E6CCA16BE6D1600094B38 /* Utility.h */ = {isa = PBXFileReference; fileEncoding = 4; lastKnownFileType = sourcecode.c.h; path = Utility.h; sourceTree = "<group>"; };
		715E6CCB16BE6D1600094B38 /* Utility.m */ = {isa = PBXFileReference; fileEncoding = 4; lastKnownFileType = sourcecode.c.objc; path = Utility.m; sourceTree = "<group>"; };
		71A159C316B0331B0021061A /* TODO */ = {isa = PBXFileReference; lastKnownFileType = text; path = TODO; sourceTree = "<group>"; };
		71EDAC9B16C5668A006FC880 /* QuartzCore.framework */ = {isa = PBXFileReference; lastKnownFileType = wrapper.framework; name = QuartzCore.framework; path = System/Library/Frameworks/QuartzCore.framework; sourceTree = SDKROOT; };
		7307496B16CD17420024330B /* Crashlytics.framework */ = {isa = PBXFileReference; lastKnownFileType = wrapper.framework; path = Crashlytics.framework; sourceTree = "<group>"; };
		730B95D716A28259007105BB /* RoutesViewController.h */ = {isa = PBXFileReference; fileEncoding = 4; lastKnownFileType = sourcecode.c.h; name = RoutesViewController.h; path = ViewControllers/RoutesViewController.h; sourceTree = "<group>"; };
		730B95D816A28259007105BB /* RoutesViewController.m */ = {isa = PBXFileReference; fileEncoding = 4; lastKnownFileType = sourcecode.c.objc; name = RoutesViewController.m; path = ViewControllers/RoutesViewController.m; sourceTree = "<group>"; };
		730B95D916A28259007105BB /* RoutesViewController.xib */ = {isa = PBXFileReference; fileEncoding = 4; lastKnownFileType = file.xib; name = RoutesViewController.xib; path = ViewControllers/RoutesViewController.xib; sourceTree = "<group>"; };
		730B95DE16A287F2007105BB /* routes.png */ = {isa = PBXFileReference; lastKnownFileType = image.png; name = routes.png; path = Images/icons/routes.png; sourceTree = "<group>"; };
		730B95E416A29462007105BB /* bus_details.png */ = {isa = PBXFileReference; lastKnownFileType = image.png; name = bus_details.png; path = Images/icons/bus/bus_details.png; sourceTree = "<group>"; };
		730B95E516A29462007105BB /* bus_details@2x.png */ = {isa = PBXFileReference; lastKnownFileType = image.png; name = "bus_details@2x.png"; path = "Images/icons/bus/bus_details@2x.png"; sourceTree = "<group>"; };
		730B95E616A29462007105BB /* bus_search.png */ = {isa = PBXFileReference; lastKnownFileType = image.png; name = bus_search.png; path = Images/icons/bus/bus_search.png; sourceTree = "<group>"; };
		730B95E716A29462007105BB /* bus_search@2x.png */ = {isa = PBXFileReference; lastKnownFileType = image.png; name = "bus_search@2x.png"; path = "Images/icons/bus/bus_search@2x.png"; sourceTree = "<group>"; };
		730B95F416A29473007105BB /* tram_details.png */ = {isa = PBXFileReference; lastKnownFileType = image.png; name = tram_details.png; path = Images/icons/tram/tram_details.png; sourceTree = "<group>"; };
		730B95F516A29473007105BB /* tram_details@2x.png */ = {isa = PBXFileReference; lastKnownFileType = image.png; name = "tram_details@2x.png"; path = "Images/icons/tram/tram_details@2x.png"; sourceTree = "<group>"; };
		730B95F616A29473007105BB /* tram_search.png */ = {isa = PBXFileReference; lastKnownFileType = image.png; name = tram_search.png; path = Images/icons/tram/tram_search.png; sourceTree = "<group>"; };
		730B95F716A29473007105BB /* tram_search@2x.png */ = {isa = PBXFileReference; lastKnownFileType = image.png; name = "tram_search@2x.png"; path = "Images/icons/tram/tram_search@2x.png"; sourceTree = "<group>"; };
		730B95FC16A2947D007105BB /* troll_details.png */ = {isa = PBXFileReference; lastKnownFileType = image.png; name = troll_details.png; path = Images/icons/troll/troll_details.png; sourceTree = "<group>"; };
		730B95FD16A2947D007105BB /* troll_details@2x.png */ = {isa = PBXFileReference; lastKnownFileType = image.png; name = "troll_details@2x.png"; path = "Images/icons/troll/troll_details@2x.png"; sourceTree = "<group>"; };
		730B95FE16A2947D007105BB /* troll_search.png */ = {isa = PBXFileReference; lastKnownFileType = image.png; name = troll_search.png; path = Images/icons/troll/troll_search.png; sourceTree = "<group>"; };
		730B95FF16A2947D007105BB /* troll_search@2x.png */ = {isa = PBXFileReference; lastKnownFileType = image.png; name = "troll_search@2x.png"; path = "Images/icons/troll/troll_search@2x.png"; sourceTree = "<group>"; };
		730B960416A294FA007105BB /* mt_details.png */ = {isa = PBXFileReference; lastKnownFileType = image.png; name = mt_details.png; path = Images/icons/mt/mt_details.png; sourceTree = "<group>"; };
		730B960516A294FA007105BB /* mt_details@2x.png */ = {isa = PBXFileReference; lastKnownFileType = image.png; name = "mt_details@2x.png"; path = "Images/icons/mt/mt_details@2x.png"; sourceTree = "<group>"; };
		730B960616A294FA007105BB /* mt_search.png */ = {isa = PBXFileReference; lastKnownFileType = image.png; name = mt_search.png; path = Images/icons/mt/mt_search.png; sourceTree = "<group>"; };
		730B960716A294FA007105BB /* mt_search@2x.png */ = {isa = PBXFileReference; lastKnownFileType = image.png; name = "mt_search@2x.png"; path = "Images/icons/mt/mt_search@2x.png"; sourceTree = "<group>"; };
		730B961016A2C671007105BB /* Route.h */ = {isa = PBXFileReference; fileEncoding = 4; lastKnownFileType = sourcecode.c.h; name = Route.h; path = DataClasses/Route.h; sourceTree = "<group>"; };
		730B961116A2C671007105BB /* Route.m */ = {isa = PBXFileReference; fileEncoding = 4; lastKnownFileType = sourcecode.c.objc; name = Route.m; path = DataClasses/Route.m; sourceTree = "<group>"; };
		7310584414ECEF6E00F984A8 /* CoreLocation.framework */ = {isa = PBXFileReference; lastKnownFileType = wrapper.framework; name = CoreLocation.framework; path = System/Library/Frameworks/CoreLocation.framework; sourceTree = SDKROOT; };
		732732C716B8FC7000EDCF02 /* Bus_arrow-0@2x.png */ = {isa = PBXFileReference; lastKnownFileType = image.png; name = "Bus_arrow-0@2x.png"; path = "Images/icons/bus/Bus_arrow-0@2x.png"; sourceTree = "<group>"; };
		732732D816B8FE4D00EDCF02 /* delete@2x.png */ = {isa = PBXFileReference; lastKnownFileType = image.png; name = "delete@2x.png"; path = "Images/icons/delete@2x.png"; sourceTree = "<group>"; };
		732732D916B8FE4D00EDCF02 /* location@2x.png */ = {isa = PBXFileReference; lastKnownFileType = image.png; name = "location@2x.png"; path = "Images/icons/location@2x.png"; sourceTree = "<group>"; };
		732732DA16B8FE4D00EDCF02 /* refresh@2x.png */ = {isa = PBXFileReference; lastKnownFileType = image.png; name = "refresh@2x.png"; path = "Images/icons/refresh@2x.png"; sourceTree = "<group>"; };
		73375B4014EAE88F00ED7667 /* DetailsViewController.h */ = {isa = PBXFileReference; fileEncoding = 4; lastKnownFileType = sourcecode.c.h; name = DetailsViewController.h; path = ViewControllers/DetailsViewController.h; sourceTree = "<group>"; };
		73375B4114EAE88F00ED7667 /* DetailsViewController.m */ = {isa = PBXFileReference; fileEncoding = 4; lastKnownFileType = sourcecode.c.objc; name = DetailsViewController.m; path = ViewControllers/DetailsViewController.m; sourceTree = "<group>"; };
		73375B4214EAE88F00ED7667 /* DetailsViewController.xib */ = {isa = PBXFileReference; fileEncoding = 4; lastKnownFileType = file.xib; name = DetailsViewController.xib; path = ViewControllers/DetailsViewController.xib; sourceTree = "<group>"; };
		73375B4714EBAC0100ED7667 /* star_desaturate.png */ = {isa = PBXFileReference; lastKnownFileType = image.png; name = star_desaturate.png; path = Images/icons/star_desaturate.png; sourceTree = "<group>"; };
		73375B4814EBAC0100ED7667 /* star.png */ = {isa = PBXFileReference; lastKnownFileType = image.png; name = star.png; path = Images/icons/star.png; sourceTree = "<group>"; };
		73375B4B14EC0F8700ED7667 /* Car.h */ = {isa = PBXFileReference; fileEncoding = 4; lastKnownFileType = sourcecode.c.h; name = Car.h; path = DataClasses/Car.h; sourceTree = "<group>"; };
		73375B4C14EC0F8800ED7667 /* Car.m */ = {isa = PBXFileReference; fileEncoding = 4; lastKnownFileType = sourcecode.c.objc; name = Car.m; path = DataClasses/Car.m; sourceTree = "<group>"; };
		7338949C16A5661800AF3DD0 /* button_green_press.png */ = {isa = PBXFileReference; lastKnownFileType = image.png; name = button_green_press.png; path = Images/buttons/button_green_press.png; sourceTree = "<group>"; };
		7338949D16A5661800AF3DD0 /* button_green.png */ = {isa = PBXFileReference; lastKnownFileType = image.png; name = button_green.png; path = Images/buttons/button_green.png; sourceTree = "<group>"; };
		7338949E16A5661800AF3DD0 /* button_white_press.png */ = {isa = PBXFileReference; lastKnownFileType = image.png; name = button_white_press.png; path = Images/buttons/button_white_press.png; sourceTree = "<group>"; };
		7338949F16A5661800AF3DD0 /* button_white.png */ = {isa = PBXFileReference; lastKnownFileType = image.png; name = button_white.png; path = Images/buttons/button_white.png; sourceTree = "<group>"; };
		733894A016A5661800AF3DD0 /* button_yellow_press.png */ = {isa = PBXFileReference; lastKnownFileType = image.png; name = button_yellow_press.png; path = Images/buttons/button_yellow_press.png; sourceTree = "<group>"; };
		733894A116A5661800AF3DD0 /* button_yellow.png */ = {isa = PBXFileReference; lastKnownFileType = image.png; name = button_yellow.png; path = Images/buttons/button_yellow.png; sourceTree = "<group>"; };
		733B0F8314EFE70D004E01BD /* favorites.png */ = {isa = PBXFileReference; lastKnownFileType = image.png; name = favorites.png; path = Images/icons/favorites.png; sourceTree = "<group>"; };
		733B0F8414EFE70D004E01BD /* map.png */ = {isa = PBXFileReference; lastKnownFileType = image.png; name = map.png; path = Images/icons/map.png; sourceTree = "<group>"; };
		733B0F8514EFE70D004E01BD /* search.png */ = {isa = PBXFileReference; lastKnownFileType = image.png; name = search.png; path = Images/icons/search.png; sourceTree = "<group>"; };
		733B0F8A14F021BE004E01BD /* SystemConfiguration.framework */ = {isa = PBXFileReference; lastKnownFileType = wrapper.framework; name = SystemConfiguration.framework; path = System/Library/Frameworks/SystemConfiguration.framework; sourceTree = SDKROOT; };
		733B0F8C14F02BE5004E01BD /* refresh.png */ = {isa = PBXFileReference; lastKnownFileType = image.png; name = refresh.png; path = Images/icons/refresh.png; sourceTree = "<group>"; };
		733B0F9B14F0D9D7004E01BD /* location.png */ = {isa = PBXFileReference; lastKnownFileType = image.png; name = location.png; path = Images/icons/location.png; sourceTree = "<group>"; };
		733B0FA214F0DF0B004E01BD /* button_bg.png */ = {isa = PBXFileReference; lastKnownFileType = image.png; name = button_bg.png; path = Images/icons/button_bg.png; sourceTree = "<group>"; };
		733B0FA414F0E212004E01BD /* InfoViewController.h */ = {isa = PBXFileReference; fileEncoding = 4; lastKnownFileType = sourcecode.c.h; name = InfoViewController.h; path = ViewControllers/InfoViewController.h; sourceTree = "<group>"; };
		733B0FA514F0E213004E01BD /* InfoViewController.m */ = {isa = PBXFileReference; fileEncoding = 4; lastKnownFileType = sourcecode.c.objc; name = InfoViewController.m; path = ViewControllers/InfoViewController.m; sourceTree = "<group>"; };
		733B0FA614F0E214004E01BD /* InfoViewController.xib */ = {isa = PBXFileReference; fileEncoding = 4; lastKnownFileType = file.xib; name = InfoViewController.xib; path = ViewControllers/InfoViewController.xib; sourceTree = "<group>"; };
		733B0FAA14F121A5004E01BD /* info.png */ = {isa = PBXFileReference; lastKnownFileType = image.png; name = info.png; path = Images/icons/info.png; sourceTree = "<group>"; };
		733B0FB414F134BE004E01BD /* Bus_arrow.png */ = {isa = PBXFileReference; lastKnownFileType = image.png; name = Bus_arrow.png; path = Images/icons/Bus_arrow.png; sourceTree = "<group>"; };
		736C003E14E81351005D6503 /* ngtmap.app */ = {isa = PBXFileReference; explicitFileType = wrapper.application; includeInIndex = 0; path = ngtmap.app; sourceTree = BUILT_PRODUCTS_DIR; };
		736C004214E81351005D6503 /* UIKit.framework */ = {isa = PBXFileReference; lastKnownFileType = wrapper.framework; name = UIKit.framework; path = System/Library/Frameworks/UIKit.framework; sourceTree = SDKROOT; };
		736C004414E81351005D6503 /* Foundation.framework */ = {isa = PBXFileReference; lastKnownFileType = wrapper.framework; name = Foundation.framework; path = System/Library/Frameworks/Foundation.framework; sourceTree = SDKROOT; };
		736C004614E81351005D6503 /* CoreGraphics.framework */ = {isa = PBXFileReference; lastKnownFileType = wrapper.framework; name = CoreGraphics.framework; path = System/Library/Frameworks/CoreGraphics.framework; sourceTree = SDKROOT; };
		736C004A14E81352005D6503 /* ngtmap-Info.plist */ = {isa = PBXFileReference; lastKnownFileType = text.plist.xml; path = "ngtmap-Info.plist"; sourceTree = "<group>"; };
		736C004C14E81353005D6503 /* en */ = {isa = PBXFileReference; lastKnownFileType = text.plist.strings; name = en; path = en.lproj/InfoPlist.strings; sourceTree = "<group>"; };
		736C004E14E81353005D6503 /* main.m */ = {isa = PBXFileReference; lastKnownFileType = sourcecode.c.objc; path = main.m; sourceTree = "<group>"; };
		736C005014E81353005D6503 /* ngtmap-Prefix.pch */ = {isa = PBXFileReference; lastKnownFileType = sourcecode.c.h; path = "ngtmap-Prefix.pch"; sourceTree = "<group>"; };
		736C005114E81354005D6503 /* AppDelegate.h */ = {isa = PBXFileReference; lastKnownFileType = sourcecode.c.h; path = AppDelegate.h; sourceTree = "<group>"; };
		736C005214E81354005D6503 /* AppDelegate.m */ = {isa = PBXFileReference; lastKnownFileType = sourcecode.c.objc; path = AppDelegate.m; sourceTree = "<group>"; };
		736C006414E81A18005D6503 /* SearchViewController.h */ = {isa = PBXFileReference; fileEncoding = 4; lastKnownFileType = sourcecode.c.h; name = SearchViewController.h; path = ViewControllers/SearchViewController.h; sourceTree = "<group>"; };
		736C006514E81A18005D6503 /* SearchViewController.m */ = {isa = PBXFileReference; fileEncoding = 4; lastKnownFileType = sourcecode.c.objc; name = SearchViewController.m; path = ViewControllers/SearchViewController.m; sourceTree = "<group>"; };
		736C006614E81A19005D6503 /* SearchViewController.xib */ = {isa = PBXFileReference; fileEncoding = 4; lastKnownFileType = file.xib; name = SearchViewController.xib; path = ViewControllers/SearchViewController.xib; sourceTree = "<group>"; };
		736C006914E81A32005D6503 /* MapViewController.h */ = {isa = PBXFileReference; fileEncoding = 4; lastKnownFileType = sourcecode.c.h; name = MapViewController.h; path = ViewControllers/MapViewController.h; sourceTree = "<group>"; };
		736C006A14E81A32005D6503 /* MapViewController.m */ = {isa = PBXFileReference; fileEncoding = 4; lastKnownFileType = sourcecode.c.objc; name = MapViewController.m; path = ViewControllers/MapViewController.m; sourceTree = "<group>"; };
		736C006B14E81A32005D6503 /* MapViewController.xib */ = {isa = PBXFileReference; fileEncoding = 4; lastKnownFileType = file.xib; name = MapViewController.xib; path = ViewControllers/MapViewController.xib; sourceTree = "<group>"; };
		736C007114E82D3C005D6503 /* MapKit.framework */ = {isa = PBXFileReference; lastKnownFileType = wrapper.framework; name = MapKit.framework; path = System/Library/Frameworks/MapKit.framework; sourceTree = SDKROOT; };
		736C007314E83E69005D6503 /* FavoritesViewController.h */ = {isa = PBXFileReference; fileEncoding = 4; lastKnownFileType = sourcecode.c.h; name = FavoritesViewController.h; path = ViewControllers/FavoritesViewController.h; sourceTree = "<group>"; };
		736C007414E83E69005D6503 /* FavoritesViewController.m */ = {isa = PBXFileReference; fileEncoding = 4; lastKnownFileType = sourcecode.c.objc; name = FavoritesViewController.m; path = ViewControllers/FavoritesViewController.m; sourceTree = "<group>"; };
		736C007514E83E69005D6503 /* FavoritesViewController.xib */ = {isa = PBXFileReference; fileEncoding = 4; lastKnownFileType = file.xib; name = FavoritesViewController.xib; path = ViewControllers/FavoritesViewController.xib; sourceTree = "<group>"; };
		738F7CDC1622AF420024457A /* StoreKit.framework */ = {isa = PBXFileReference; lastKnownFileType = wrapper.framework; name = StoreKit.framework; path = System/Library/Frameworks/StoreKit.framework; sourceTree = SDKROOT; };
		739008BC14E8EF1A009A6D0D /* Transport.h */ = {isa = PBXFileReference; fileEncoding = 4; lastKnownFileType = sourcecode.c.h; name = Transport.h; path = DataClasses/Transport.h; sourceTree = "<group>"; };
		739008BD14E8EF1B009A6D0D /* Transport.m */ = {isa = PBXFileReference; fileEncoding = 4; lastKnownFileType = sourcecode.c.objc; name = Transport.m; path = DataClasses/Transport.m; sourceTree = "<group>"; };
		739008C014E8EF8B009A6D0D /* NGTDataSource.h */ = {isa = PBXFileReference; fileEncoding = 4; lastKnownFileType = sourcecode.c.h; name = NGTDataSource.h; path = DataSources/NGTDataSource.h; sourceTree = "<group>"; };
		739008C114E8EF8B009A6D0D /* NGTDataSource.m */ = {isa = PBXFileReference; fileEncoding = 4; lastKnownFileType = sourcecode.c.objc; name = NGTDataSource.m; path = DataSources/NGTDataSource.m; sourceTree = "<group>"; };
		739008C414E8F5B7009A6D0D /* TransportDataSource.h */ = {isa = PBXFileReference; fileEncoding = 4; lastKnownFileType = sourcecode.c.h; name = TransportDataSource.h; path = DataSources/TransportDataSource.h; sourceTree = "<group>"; };
		739008C514E8F5B7009A6D0D /* TransportDataSource.m */ = {isa = PBXFileReference; fileEncoding = 4; lastKnownFileType = sourcecode.c.objc; name = TransportDataSource.m; path = DataSources/TransportDataSource.m; sourceTree = "<group>"; };
		739008C714E93F36009A6D0D /* SearchCell.xib */ = {isa = PBXFileReference; fileEncoding = 4; lastKnownFileType = file.xib; name = SearchCell.xib; path = ViewControllers/SearchCell.xib; sourceTree = "<group>"; };
		739008C914E94569009A6D0D /* SearchCell.h */ = {isa = PBXFileReference; fileEncoding = 4; lastKnownFileType = sourcecode.c.h; name = SearchCell.h; path = ViewControllers/SearchCell.h; sourceTree = "<group>"; };
		739008CA14E94569009A6D0D /* SearchCell.m */ = {isa = PBXFileReference; fileEncoding = 4; lastKnownFileType = sourcecode.c.objc; name = SearchCell.m; path = ViewControllers/SearchCell.m; sourceTree = "<group>"; };
		7390090814E96AF6009A6D0D /* JSONKit.h */ = {isa = PBXFileReference; fileEncoding = 4; lastKnownFileType = sourcecode.c.h; path = JSONKit.h; sourceTree = "<group>"; };
		7390090914E96AF6009A6D0D /* JSONKit.m */ = {isa = PBXFileReference; fileEncoding = 4; lastKnownFileType = sourcecode.c.objc; path = JSONKit.m; sourceTree = "<group>"; };
		73AE1A2514F4BBDE0086D406 /* Bus_arrow-0.png */ = {isa = PBXFileReference; lastKnownFileType = image.png; name = "Bus_arrow-0.png"; path = "Images/icons/bus/Bus_arrow-0.png"; sourceTree = "<group>"; };
		73BFBB9316A72176002226BF /* delete.png */ = {isa = PBXFileReference; lastKnownFileType = image.png; name = delete.png; path = Images/icons/delete.png; sourceTree = "<group>"; };
		73DB180516A3D27A00520789 /* bg_search_cell.png */ = {isa = PBXFileReference; lastKnownFileType = image.png; name = bg_search_cell.png; path = Images/bg_search_cell.png; sourceTree = "<group>"; };
		73DB180616A3D27A00520789 /* bg_search_cell@2x.png */ = {isa = PBXFileReference; lastKnownFileType = image.png; name = "bg_search_cell@2x.png"; path = "Images/bg_search_cell@2x.png"; sourceTree = "<group>"; };
		73E7897016A4207E001F7081 /* favorites@2x.png */ = {isa = PBXFileReference; lastKnownFileType = image.png; name = "favorites@2x.png"; path = "Images/icons/favorites@2x.png"; sourceTree = "<group>"; };
		73E7897316A4223F001F7081 /* map@2x.png */ = {isa = PBXFileReference; lastKnownFileType = image.png; name = "map@2x.png"; path = "Images/icons/map@2x.png"; sourceTree = "<group>"; };
		73E7897516A42245001F7081 /* routes@2x.png */ = {isa = PBXFileReference; lastKnownFileType = image.png; name = "routes@2x.png"; path = "Images/icons/routes@2x.png"; sourceTree = "<group>"; };
		73E7897716A4224C001F7081 /* search@2x.png */ = {isa = PBXFileReference; lastKnownFileType = image.png; name = "search@2x.png"; path = "Images/icons/search@2x.png"; sourceTree = "<group>"; };
		73E7897E16A477A9001F7081 /* RouteCell.h */ = {isa = PBXFileReference; fileEncoding = 4; lastKnownFileType = sourcecode.c.h; name = RouteCell.h; path = ViewControllers/RouteCell.h; sourceTree = "<group>"; };
		73E7897F16A477A9001F7081 /* RouteCell.m */ = {isa = PBXFileReference; fileEncoding = 4; lastKnownFileType = sourcecode.c.objc; name = RouteCell.m; path = ViewControllers/RouteCell.m; sourceTree = "<group>"; };
		73E7898116A477BD001F7081 /* RouteCell.xib */ = {isa = PBXFileReference; fileEncoding = 4; lastKnownFileType = file.xib; name = RouteCell.xib; path = ViewControllers/RouteCell.xib; sourceTree = "<group>"; };
		73E7898316A481F9001F7081 /* SelectPointsViewController.h */ = {isa = PBXFileReference; fileEncoding = 4; lastKnownFileType = sourcecode.c.h; name = SelectPointsViewController.h; path = ViewControllers/SelectPointsViewController.h; sourceTree = "<group>"; };
		73E7898416A481F9001F7081 /* SelectPointsViewController.m */ = {isa = PBXFileReference; fileEncoding = 4; lastKnownFileType = sourcecode.c.objc; name = SelectPointsViewController.m; path = ViewControllers/SelectPointsViewController.m; sourceTree = "<group>"; };
		73E7898516A481FA001F7081 /* SelectPointsViewController.xib */ = {isa = PBXFileReference; fileEncoding = 4; lastKnownFileType = file.xib; name = SelectPointsViewController.xib; path = ViewControllers/SelectPointsViewController.xib; sourceTree = "<group>"; };
		73E7898816A494B6001F7081 /* route.png */ = {isa = PBXFileReference; lastKnownFileType = image.png; name = route.png; path = Images/route.png; sourceTree = "<group>"; };
		73E7898916A494B6001F7081 /* route@2x.png */ = {isa = PBXFileReference; lastKnownFileType = image.png; name = "route@2x.png"; path = "Images/route@2x.png"; sourceTree = "<group>"; };
/* End PBXFileReference section */

/* Begin PBXFrameworksBuildPhase section */
		736C003B14E81351005D6503 /* Frameworks */ = {
			isa = PBXFrameworksBuildPhase;
			buildActionMask = 2147483647;
			files = (
				71EDAC9C16C5668A006FC880 /* QuartzCore.framework in Frameworks */,
				738F7CDD1622AF430024457A /* StoreKit.framework in Frameworks */,
				733B0F8B14F021BF004E01BD /* SystemConfiguration.framework in Frameworks */,
				7310584514ECEF6E00F984A8 /* CoreLocation.framework in Frameworks */,
				736C007214E82D3D005D6503 /* MapKit.framework in Frameworks */,
				736C004314E81351005D6503 /* UIKit.framework in Frameworks */,
				736C004514E81351005D6503 /* Foundation.framework in Frameworks */,
				736C004714E81351005D6503 /* CoreGraphics.framework in Frameworks */,
				7307496C16CD17420024330B /* Crashlytics.framework in Frameworks */,
			);
			runOnlyForDeploymentPostprocessing = 0;
		};
/* End PBXFrameworksBuildPhase section */

/* Begin PBXGroup section */
		71DA6D4516B184380080B91D /* List */ = {
			isa = PBXGroup;
			children = (
				736C006F14E81A47005D6503 /* Search */,
				73375B4614EAE89500ED7667 /* Details */,
				733B0FA914F0E219004E01BD /* AppInfo */,
			);
			name = List;
			sourceTree = "<group>";
		};
		71DA6D4716B1844E0080B91D /* Favorites */ = {
			isa = PBXGroup;
			children = (
				736C007314E83E69005D6503 /* FavoritesViewController.h */,
				736C007414E83E69005D6503 /* FavoritesViewController.m */,
				736C007514E83E69005D6503 /* FavoritesViewController.xib */,
			);
			name = Favorites;
			sourceTree = "<group>";
		};
		71DA6D4816B184B40080B91D /* SearchRoutes */ = {
			isa = PBXGroup;
			children = (
				730B95D716A28259007105BB /* RoutesViewController.h */,
				730B95D816A28259007105BB /* RoutesViewController.m */,
				730B95D916A28259007105BB /* RoutesViewController.xib */,
				73E7898316A481F9001F7081 /* SelectPointsViewController.h */,
				73E7898416A481F9001F7081 /* SelectPointsViewController.m */,
				73E7898516A481FA001F7081 /* SelectPointsViewController.xib */,
				73E7897E16A477A9001F7081 /* RouteCell.h */,
				73E7897F16A477A9001F7081 /* RouteCell.m */,
				73E7898116A477BD001F7081 /* RouteCell.xib */,
			);
			name = SearchRoutes;
			sourceTree = "<group>";
		};
		71DA6D4916B1854A0080B91D /* UI */ = {
			isa = PBXGroup;
			children = (
				71DA6D4516B184380080B91D /* List */,
				71DA6D4716B1844E0080B91D /* Favorites */,
				71DA6D4816B184B40080B91D /* SearchRoutes */,
				736C006E14E81A39005D6503 /* Map */,
				739008D014E94CC6009A6D0D /* Images */,
			);
			name = UI;
			sourceTree = "<group>";
		};
		730B95E016A2943B007105BB /* bus */ = {
			isa = PBXGroup;
			children = (
				730B95E416A29462007105BB /* bus_details.png */,
				730B95E516A29462007105BB /* bus_details@2x.png */,
				730B95E616A29462007105BB /* bus_search.png */,
				730B95E716A29462007105BB /* bus_search@2x.png */,
			);
			name = bus;
			sourceTree = "<group>";
		};
		730B95E116A29441007105BB /* troll */ = {
			isa = PBXGroup;
			children = (
				730B95FC16A2947D007105BB /* troll_details.png */,
				730B95FD16A2947D007105BB /* troll_details@2x.png */,
				730B95FE16A2947D007105BB /* troll_search.png */,
				730B95FF16A2947D007105BB /* troll_search@2x.png */,
			);
			name = troll;
			sourceTree = "<group>";
		};
		730B95E216A29446007105BB /* tram */ = {
			isa = PBXGroup;
			children = (
				730B95F416A29473007105BB /* tram_details.png */,
				730B95F516A29473007105BB /* tram_details@2x.png */,
				730B95F616A29473007105BB /* tram_search.png */,
				730B95F716A29473007105BB /* tram_search@2x.png */,
			);
			name = tram;
			sourceTree = "<group>";
		};
		730B95E316A2944C007105BB /* mt */ = {
			isa = PBXGroup;
			children = (
				730B960416A294FA007105BB /* mt_details.png */,
				730B960516A294FA007105BB /* mt_details@2x.png */,
				730B960616A294FA007105BB /* mt_search.png */,
				730B960716A294FA007105BB /* mt_search@2x.png */,
			);
			name = mt;
			sourceTree = "<group>";
		};
		73375B4614EAE89500ED7667 /* Details */ = {
			isa = PBXGroup;
			children = (
				73375B4014EAE88F00ED7667 /* DetailsViewController.h */,
				73375B4114EAE88F00ED7667 /* DetailsViewController.m */,
				73375B4214EAE88F00ED7667 /* DetailsViewController.xib */,
			);
			name = Details;
			sourceTree = "<group>";
		};
		7338949A16A565FD00AF3DD0 /* buttons */ = {
			isa = PBXGroup;
			children = (
				7338949C16A5661800AF3DD0 /* button_green_press.png */,
				7338949D16A5661800AF3DD0 /* button_green.png */,
				7338949E16A5661800AF3DD0 /* button_white_press.png */,
				7338949F16A5661800AF3DD0 /* button_white.png */,
				733894A016A5661800AF3DD0 /* button_yellow_press.png */,
				733894A116A5661800AF3DD0 /* button_yellow.png */,
			);
			name = buttons;
			sourceTree = "<group>";
		};
		733B0F9614F04B53004E01BD /* Media */ = {
			isa = PBXGroup;
			children = (
				7100549E16B2EC1800E33187 /* Default-568h@2x.png */,
				7100549F16B2EC1800E33187 /* Default.png */,
				710054A016B2EC1800E33187 /* Default@2x.png */,
				710054A116B2EC1800E33187 /* icon57.png */,
				710054A216B2EC1800E33187 /* icon114.png */,
				73E7898816A494B6001F7081 /* route.png */,
				73E7898916A494B6001F7081 /* route@2x.png */,
			);
			name = Media;
			sourceTree = "<group>";
		};
		733B0FA914F0E219004E01BD /* AppInfo */ = {
			isa = PBXGroup;
			children = (
				733B0FA414F0E212004E01BD /* InfoViewController.h */,
				733B0FA514F0E213004E01BD /* InfoViewController.m */,
				733B0FA614F0E214004E01BD /* InfoViewController.xib */,
			);
			name = AppInfo;
			sourceTree = "<group>";
		};
		736C003314E81351005D6503 = {
			isa = PBXGroup;
			children = (
				71A159C316B0331B0021061A /* TODO */,
				736C004814E81351005D6503 /* ngtmap */,
				736C004114E81351005D6503 /* Frameworks */,
				736C003F14E81351005D6503 /* Products */,
			);
			sourceTree = "<group>";
		};
		736C003F14E81351005D6503 /* Products */ = {
			isa = PBXGroup;
			children = (
				736C003E14E81351005D6503 /* ngtmap.app */,
			);
			name = Products;
			sourceTree = "<group>";
		};
		736C004114E81351005D6503 /* Frameworks */ = {
			isa = PBXGroup;
			children = (
				71EDAC9B16C5668A006FC880 /* QuartzCore.framework */,
				7307496B16CD17420024330B /* Crashlytics.framework */,
				738F7CDC1622AF420024457A /* StoreKit.framework */,
				733B0F8A14F021BE004E01BD /* SystemConfiguration.framework */,
				7310584414ECEF6E00F984A8 /* CoreLocation.framework */,
				736C007114E82D3C005D6503 /* MapKit.framework */,
				736C004214E81351005D6503 /* UIKit.framework */,
				736C004414E81351005D6503 /* Foundation.framework */,
				736C004614E81351005D6503 /* CoreGraphics.framework */,
			);
			name = Frameworks;
			sourceTree = "<group>";
		};
		736C004814E81351005D6503 /* ngtmap */ = {
			isa = PBXGroup;
			children = (
				736C005114E81354005D6503 /* AppDelegate.h */,
				736C005214E81354005D6503 /* AppDelegate.m */,
				71DA6D4916B1854A0080B91D /* UI */,
				739008BF14E8EF20009A6D0D /* DataClasses */,
				739008C314E8EF8F009A6D0D /* DataSources */,
				736C004914E81352005D6503 /* Supporting Files */,
				7390090714E96AF6009A6D0D /* JSONKit */,
				715E6CCA16BE6D1600094B38 /* Utility.h */,
				715E6CCB16BE6D1600094B38 /* Utility.m */,
			);
			path = ngtmap;
			sourceTree = "<group>";
		};
		736C004914E81352005D6503 /* Supporting Files */ = {
			isa = PBXGroup;
			children = (
				736C004A14E81352005D6503 /* ngtmap-Info.plist */,
				736C004B14E81353005D6503 /* InfoPlist.strings */,
				736C004E14E81353005D6503 /* main.m */,
				736C005014E81353005D6503 /* ngtmap-Prefix.pch */,
			);
			name = "Supporting Files";
			sourceTree = "<group>";
		};
		736C006E14E81A39005D6503 /* Map */ = {
			isa = PBXGroup;
			children = (
				736C006914E81A32005D6503 /* MapViewController.h */,
				736C006A14E81A32005D6503 /* MapViewController.m */,
				736C006B14E81A32005D6503 /* MapViewController.xib */,
			);
			name = Map;
			sourceTree = "<group>";
		};
		736C006F14E81A47005D6503 /* Search */ = {
			isa = PBXGroup;
			children = (
				736C006414E81A18005D6503 /* SearchViewController.h */,
				736C006514E81A18005D6503 /* SearchViewController.m */,
				736C006614E81A19005D6503 /* SearchViewController.xib */,
				739008C914E94569009A6D0D /* SearchCell.h */,
				739008CA14E94569009A6D0D /* SearchCell.m */,
				739008C714E93F36009A6D0D /* SearchCell.xib */,
			);
			name = Search;
			sourceTree = "<group>";
		};
		739008BF14E8EF20009A6D0D /* DataClasses */ = {
			isa = PBXGroup;
			children = (
				739008BC14E8EF1A009A6D0D /* Transport.h */,
				739008BD14E8EF1B009A6D0D /* Transport.m */,
				73375B4B14EC0F8700ED7667 /* Car.h */,
				73375B4C14EC0F8800ED7667 /* Car.m */,
				730B961016A2C671007105BB /* Route.h */,
				730B961116A2C671007105BB /* Route.m */,
			);
			name = DataClasses;
			sourceTree = "<group>";
		};
		739008C314E8EF8F009A6D0D /* DataSources */ = {
			isa = PBXGroup;
			children = (
				739008C014E8EF8B009A6D0D /* NGTDataSource.h */,
				739008C114E8EF8B009A6D0D /* NGTDataSource.m */,
				739008C414E8F5B7009A6D0D /* TransportDataSource.h */,
				739008C514E8F5B7009A6D0D /* TransportDataSource.m */,
			);
			name = DataSources;
			sourceTree = "<group>";
		};
		739008D014E94CC6009A6D0D /* Images */ = {
			isa = PBXGroup;
			children = (
				7338949A16A565FD00AF3DD0 /* buttons */,
				73DB180316A3D26E00520789 /* bg */,
				73AE1A2414F4BBCF0086D406 /* bus */,
				733B0F9614F04B53004E01BD /* Media */,
				739008D114E95060009A6D0D /* Icons */,
			);
			name = Images;
			sourceTree = "<group>";
		};
		739008D114E95060009A6D0D /* Icons */ = {
			isa = PBXGroup;
			children = (
				730B95E316A2944C007105BB /* mt */,
				730B95E216A29446007105BB /* tram */,
				730B95E116A29441007105BB /* troll */,
				730B95E016A2943B007105BB /* bus */,
				733B0FB414F134BE004E01BD /* Bus_arrow.png */,
				733B0FAA14F121A5004E01BD /* info.png */,
				733B0FA214F0DF0B004E01BD /* button_bg.png */,
				733B0F9B14F0D9D7004E01BD /* location.png */,
				733B0F8C14F02BE5004E01BD /* refresh.png */,
				733B0F8314EFE70D004E01BD /* favorites.png */,
				73E7897016A4207E001F7081 /* favorites@2x.png */,
				730B95DE16A287F2007105BB /* routes.png */,
				73E7897516A42245001F7081 /* routes@2x.png */,
				733B0F8414EFE70D004E01BD /* map.png */,
				73E7897316A4223F001F7081 /* map@2x.png */,
				733B0F8514EFE70D004E01BD /* search.png */,
				73E7897716A4224C001F7081 /* search@2x.png */,
				73375B4714EBAC0100ED7667 /* star_desaturate.png */,
				73BFBB9316A72176002226BF /* delete.png */,
				73375B4814EBAC0100ED7667 /* star.png */,
				732732D816B8FE4D00EDCF02 /* delete@2x.png */,
				732732D916B8FE4D00EDCF02 /* location@2x.png */,
				732732DA16B8FE4D00EDCF02 /* refresh@2x.png */,
			);
			name = Icons;
			sourceTree = "<group>";
		};
		7390090714E96AF6009A6D0D /* JSONKit */ = {
			isa = PBXGroup;
			children = (
				7390090814E96AF6009A6D0D /* JSONKit.h */,
				7390090914E96AF6009A6D0D /* JSONKit.m */,
			);
			path = JSONKit;
			sourceTree = "<group>";
		};
		73AE1A2414F4BBCF0086D406 /* bus */ = {
			isa = PBXGroup;
			children = (
				73AE1A2514F4BBDE0086D406 /* Bus_arrow-0.png */,
				732732C716B8FC7000EDCF02 /* Bus_arrow-0@2x.png */,
			);
			name = bus;
			sourceTree = "<group>";
		};
		73DB180316A3D26E00520789 /* bg */ = {
			isa = PBXGroup;
			children = (
				73DB180516A3D27A00520789 /* bg_search_cell.png */,
				73DB180616A3D27A00520789 /* bg_search_cell@2x.png */,
			);
			name = bg;
			sourceTree = "<group>";
		};
/* End PBXGroup section */

/* Begin PBXNativeTarget section */
		736C003D14E81351005D6503 /* ngtmap */ = {
			isa = PBXNativeTarget;
			buildConfigurationList = 736C005C14E81355005D6503 /* Build configuration list for PBXNativeTarget "ngtmap" */;
			buildPhases = (
				736C003A14E81351005D6503 /* Sources */,
				736C003B14E81351005D6503 /* Frameworks */,
				736C003C14E81351005D6503 /* Resources */,
				7307496A16CD17080024330B /* ShellScript */,
			);
			buildRules = (
			);
			dependencies = (
			);
			name = ngtmap;
			productName = ngtmap;
			productReference = 736C003E14E81351005D6503 /* ngtmap.app */;
			productType = "com.apple.product-type.application";
		};
/* End PBXNativeTarget section */

/* Begin PBXProject section */
		736C003514E81351005D6503 /* Project object */ = {
			isa = PBXProject;
			attributes = {
				LastUpgradeCheck = 0430;
			};
			buildConfigurationList = 736C003814E81351005D6503 /* Build configuration list for PBXProject "ngtmap" */;
			compatibilityVersion = "Xcode 3.2";
			developmentRegion = English;
			hasScannedForEncodings = 0;
			knownRegions = (
				en,
			);
			mainGroup = 736C003314E81351005D6503;
			productRefGroup = 736C003F14E81351005D6503 /* Products */;
			projectDirPath = "";
			projectRoot = "";
			targets = (
				736C003D14E81351005D6503 /* ngtmap */,
			);
		};
/* End PBXProject section */

/* Begin PBXResourcesBuildPhase section */
		736C003C14E81351005D6503 /* Resources */ = {
			isa = PBXResourcesBuildPhase;
			buildActionMask = 2147483647;
			files = (
				736C004D14E81353005D6503 /* InfoPlist.strings in Resources */,
				736C006814E81A19005D6503 /* SearchViewController.xib in Resources */,
				736C006D14E81A32005D6503 /* MapViewController.xib in Resources */,
				736C007714E83E69005D6503 /* FavoritesViewController.xib in Resources */,
				739008C814E93F36009A6D0D /* SearchCell.xib in Resources */,
				73375B4414EAE88F00ED7667 /* DetailsViewController.xib in Resources */,
				73375B4914EBAC0100ED7667 /* star_desaturate.png in Resources */,
				73375B4A14EBAC0100ED7667 /* star.png in Resources */,
				733B0F8614EFE70D004E01BD /* favorites.png in Resources */,
				733B0F8714EFE70D004E01BD /* map.png in Resources */,
				733B0F8814EFE70D004E01BD /* search.png in Resources */,
				733B0F8D14F02BE6004E01BD /* refresh.png in Resources */,
				733B0F9C14F0D9D7004E01BD /* location.png in Resources */,
				733B0FA314F0DF0B004E01BD /* button_bg.png in Resources */,
				733B0FA814F0E214004E01BD /* InfoViewController.xib in Resources */,
				733B0FAB14F121A5004E01BD /* info.png in Resources */,
				733B0FB514F134BE004E01BD /* Bus_arrow.png in Resources */,
				73AE1A2D14F4BBDE0086D406 /* Bus_arrow-0.png in Resources */,
				730B95DB16A28259007105BB /* RoutesViewController.xib in Resources */,
				730B95DF16A287F2007105BB /* routes.png in Resources */,
				730B95E816A29462007105BB /* bus_details.png in Resources */,
				730B95E916A29462007105BB /* bus_details@2x.png in Resources */,
				730B95EA16A29462007105BB /* bus_search.png in Resources */,
				730B95EB16A29462007105BB /* bus_search@2x.png in Resources */,
				730B95F816A29473007105BB /* tram_details.png in Resources */,
				730B95F916A29473007105BB /* tram_details@2x.png in Resources */,
				730B95FA16A29473007105BB /* tram_search.png in Resources */,
				730B95FB16A29473007105BB /* tram_search@2x.png in Resources */,
				730B960016A2947D007105BB /* troll_details.png in Resources */,
				730B960116A2947D007105BB /* troll_details@2x.png in Resources */,
				730B960216A2947D007105BB /* troll_search.png in Resources */,
				730B960316A2947D007105BB /* troll_search@2x.png in Resources */,
				730B960816A294FA007105BB /* mt_details.png in Resources */,
				730B960916A294FA007105BB /* mt_details@2x.png in Resources */,
				730B960A16A294FA007105BB /* mt_search.png in Resources */,
				730B960B16A294FA007105BB /* mt_search@2x.png in Resources */,
				73DB180716A3D27A00520789 /* bg_search_cell.png in Resources */,
				73DB180816A3D27A00520789 /* bg_search_cell@2x.png in Resources */,
				73E7897116A4207E001F7081 /* favorites@2x.png in Resources */,
				73E7897416A4223F001F7081 /* map@2x.png in Resources */,
				73E7897616A42245001F7081 /* routes@2x.png in Resources */,
				73E7897816A4224C001F7081 /* search@2x.png in Resources */,
				73E7898216A477BD001F7081 /* RouteCell.xib in Resources */,
				73E7898716A481FA001F7081 /* SelectPointsViewController.xib in Resources */,
				73E7898A16A494B6001F7081 /* route.png in Resources */,
				73E7898B16A494B6001F7081 /* route@2x.png in Resources */,
				733894A216A5661800AF3DD0 /* button_green_press.png in Resources */,
				733894A316A5661800AF3DD0 /* button_green.png in Resources */,
				733894A416A5661800AF3DD0 /* button_white_press.png in Resources */,
				733894A516A5661800AF3DD0 /* button_white.png in Resources */,
				733894A616A5661800AF3DD0 /* button_yellow_press.png in Resources */,
				733894A716A5661800AF3DD0 /* button_yellow.png in Resources */,
				73BFBB9416A72176002226BF /* delete.png in Resources */,
				710054A316B2EC1800E33187 /* Default-568h@2x.png in Resources */,
				710054A416B2EC1800E33187 /* Default.png in Resources */,
				710054A516B2EC1800E33187 /* Default@2x.png in Resources */,
				710054A616B2EC1800E33187 /* icon57.png in Resources */,
				710054A716B2EC1800E33187 /* icon114.png in Resources */,
				732732CF16B8FC7000EDCF02 /* Bus_arrow-0@2x.png in Resources */,
				732732DB16B8FE4D00EDCF02 /* delete@2x.png in Resources */,
				732732DC16B8FE4D00EDCF02 /* location@2x.png in Resources */,
				732732DD16B8FE4D00EDCF02 /* refresh@2x.png in Resources */,
			);
			runOnlyForDeploymentPostprocessing = 0;
		};
/* End PBXResourcesBuildPhase section */

/* Begin PBXShellScriptBuildPhase section */
		7307496A16CD17080024330B /* ShellScript */ = {
			isa = PBXShellScriptBuildPhase;
			buildActionMask = 2147483647;
			files = (
			);
			inputPaths = (
			);
			outputPaths = (
			);
			runOnlyForDeploymentPostprocessing = 0;
			shellPath = /bin/sh;
			shellScript = "./Crashlytics.framework/run 406ae1ba89d9e2e26813c2571b1692553d7f1562";
		};
/* End PBXShellScriptBuildPhase section */

/* Begin PBXSourcesBuildPhase section */
		736C003A14E81351005D6503 /* Sources */ = {
			isa = PBXSourcesBuildPhase;
			buildActionMask = 2147483647;
			files = (
				736C004F14E81353005D6503 /* main.m in Sources */,
				736C005314E81354005D6503 /* AppDelegate.m in Sources */,
				736C006714E81A19005D6503 /* SearchViewController.m in Sources */,
				736C006C14E81A32005D6503 /* MapViewController.m in Sources */,
				736C007614E83E69005D6503 /* FavoritesViewController.m in Sources */,
				739008BE14E8EF1B009A6D0D /* Transport.m in Sources */,
				739008C214E8EF8B009A6D0D /* NGTDataSource.m in Sources */,
				739008C614E8F5B7009A6D0D /* TransportDataSource.m in Sources */,
				739008CB14E94569009A6D0D /* SearchCell.m in Sources */,
				7390090A14E96AF6009A6D0D /* JSONKit.m in Sources */,
				73375B4314EAE88F00ED7667 /* DetailsViewController.m in Sources */,
				73375B4D14EC0F8800ED7667 /* Car.m in Sources */,
				733B0FA714F0E214004E01BD /* InfoViewController.m in Sources */,
				730B95DA16A28259007105BB /* RoutesViewController.m in Sources */,
				730B961216A2C672007105BB /* Route.m in Sources */,
				73E7898016A477A9001F7081 /* RouteCell.m in Sources */,
				73E7898616A481FA001F7081 /* SelectPointsViewController.m in Sources */,
				715E6CCC16BE6D1600094B38 /* Utility.m in Sources */,
			);
			runOnlyForDeploymentPostprocessing = 0;
		};
/* End PBXSourcesBuildPhase section */

/* Begin PBXVariantGroup section */
		736C004B14E81353005D6503 /* InfoPlist.strings */ = {
			isa = PBXVariantGroup;
			children = (
				736C004C14E81353005D6503 /* en */,
			);
			name = InfoPlist.strings;
			sourceTree = "<group>";
		};
/* End PBXVariantGroup section */

/* Begin XCBuildConfiguration section */
		736C005A14E81355005D6503 /* Debug */ = {
			isa = XCBuildConfiguration;
			buildSettings = {
				ALWAYS_SEARCH_USER_PATHS = NO;
				ARCHS = (
					armv6,
					"$(ARCHS_STANDARD_32_BIT)",
				);
				"CODE_SIGN_IDENTITY[sdk=iphoneos*]" = "";
				COPY_PHASE_STRIP = NO;
				GCC_C_LANGUAGE_STANDARD = gnu99;
				GCC_DYNAMIC_NO_PIC = NO;
				GCC_OPTIMIZATION_LEVEL = 0;
				GCC_PREPROCESSOR_DEFINITIONS = (
					"DEBUG=1",
					"$(inherited)",
				);
				GCC_SYMBOLS_PRIVATE_EXTERN = NO;
				GCC_VERSION = com.apple.compilers.llvm.clang.1_0;
				GCC_WARN_ABOUT_MISSING_PROTOTYPES = YES;
				GCC_WARN_ABOUT_RETURN_TYPE = YES;
				GCC_WARN_UNUSED_VARIABLE = YES;
				IPHONEOS_DEPLOYMENT_TARGET = 4.2;
				SDKROOT = iphoneos;
			};
			name = Debug;
		};
		736C005B14E81355005D6503 /* Release */ = {
			isa = XCBuildConfiguration;
			buildSettings = {
				ALWAYS_SEARCH_USER_PATHS = NO;
				ARCHS = (
					armv6,
					"$(ARCHS_STANDARD_32_BIT)",
				);
				"CODE_SIGN_IDENTITY[sdk=iphoneos*]" = "";
				COPY_PHASE_STRIP = YES;
				GCC_C_LANGUAGE_STANDARD = gnu99;
				GCC_VERSION = com.apple.compilers.llvm.clang.1_0;
				GCC_WARN_ABOUT_MISSING_PROTOTYPES = YES;
				GCC_WARN_ABOUT_RETURN_TYPE = YES;
				GCC_WARN_UNUSED_VARIABLE = YES;
				IPHONEOS_DEPLOYMENT_TARGET = 4.2;
				OTHER_CFLAGS = "-DNS_BLOCK_ASSERTIONS=1";
				SDKROOT = iphoneos;
				VALIDATE_PRODUCT = YES;
			};
			name = Release;
		};
		736C005D14E81355005D6503 /* Debug */ = {
			isa = XCBuildConfiguration;
			buildSettings = {
				ARCHS = (
					armv6,
					"$(ARCHS_STANDARD_32_BIT)",
				);
				CODE_SIGN_IDENTITY = "iPhone Developer";
				"CODE_SIGN_IDENTITY[sdk=iphoneos*]" = "iPhone Developer";
				FRAMEWORK_SEARCH_PATHS = (
					"$(inherited)",
					"\"$(SRCROOT)\"",
				);
				GCC_PRECOMPILE_PREFIX_HEADER = YES;
				GCC_PREFIX_HEADER = "ngtmap/ngtmap-Prefix.pch";
				GCC_WARN_UNUSED_VALUE = NO;
				GCC_WARN_UNUSED_VARIABLE = NO;
				INFOPLIST_FILE = "ngtmap/ngtmap-Info.plist";
				IPHONEOS_DEPLOYMENT_TARGET = 4.0;
				PRODUCT_NAME = "$(TARGET_NAME)";
				PROVISIONING_PROFILE = "";
				"PROVISIONING_PROFILE[sdk=iphoneos*]" = "";
				SDKROOT = iphoneos;
				TARGETED_DEVICE_FAMILY = 1;
				WRAPPER_EXTENSION = app;
			};
			name = Debug;
		};
		736C005E14E81355005D6503 /* Release */ = {
			isa = XCBuildConfiguration;
			buildSettings = {
				ARCHS = (
					armv6,
					"$(ARCHS_STANDARD_32_BIT)",
				);
				CODE_SIGN_IDENTITY = "iPhone Developer";
				"CODE_SIGN_IDENTITY[sdk=iphoneos*]" = "iPhone Developer";
				FRAMEWORK_SEARCH_PATHS = (
					"$(inherited)",
					"\"$(SRCROOT)\"",
				);
				GCC_PRECOMPILE_PREFIX_HEADER = YES;
				GCC_PREFIX_HEADER = "ngtmap/ngtmap-Prefix.pch";
				GCC_WARN_UNUSED_VALUE = NO;
				GCC_WARN_UNUSED_VARIABLE = NO;
				INFOPLIST_FILE = "ngtmap/ngtmap-Info.plist";
				IPHONEOS_DEPLOYMENT_TARGET = 4.0;
				PRODUCT_NAME = "$(TARGET_NAME)";
				PROVISIONING_PROFILE = "";
				"PROVISIONING_PROFILE[sdk=iphoneos*]" = "";
				SDKROOT = iphoneos;
				TARGETED_DEVICE_FAMILY = 1;
				WRAPPER_EXTENSION = app;
			};
			name = Release;
		};
/* End XCBuildConfiguration section */

/* Begin XCConfigurationList section */
		736C003814E81351005D6503 /* Build configuration list for PBXProject "ngtmap" */ = {
			isa = XCConfigurationList;
			buildConfigurations = (
				736C005A14E81355005D6503 /* Debug */,
				736C005B14E81355005D6503 /* Release */,
			);
			defaultConfigurationIsVisible = 0;
			defaultConfigurationName = Release;
		};
		736C005C14E81355005D6503 /* Build configuration list for PBXNativeTarget "ngtmap" */ = {
			isa = XCConfigurationList;
			buildConfigurations = (
				736C005D14E81355005D6503 /* Debug */,
				736C005E14E81355005D6503 /* Release */,
			);
			defaultConfigurationIsVisible = 0;
			defaultConfigurationName = Release;
		};
/* End XCConfigurationList section */
	};
	rootObject = 736C003514E81351005D6503 /* Project object */;
}
